
Microsoft Visual Studio Solution File, Format Version 12.00
# Visual Studio Version 17
VisualStudioVersion = 17.9.34902.65
MinimumVisualStudioVersion = 10.0.40219.1
Project("{9A19103F-16F7-4668-BE54-9A1E7A4F7556}") = "FlowControl", "FlowControl\FlowControl.csproj", "{7767E05E-B900-4434-8137-D981B9F07B65}"
EndProject
Project("{9A19103F-16F7-4668-BE54-9A1E7A4F7556}") = "FlowControl.Helpers", "FlowControl.Helpers\FlowControl.Helpers.csproj", "{33BE9FCA-C0AB-416C-8376-ABAB0CCD8BB5}"
EndProject
Project("{FAE04EC0-301F-11D3-BF4B-00C04F79EFBC}") = "FlowControl.UI", "FlowControl.UI\FlowControl.UI.csproj", "{71E9C00F-BED4-4562-AD54-2D1A657045E7}"
EndProject
Global
	GlobalSection(SolutionConfigurationPlatforms) = preSolution
		Debug|Any CPU = Debug|Any CPU
		Release|Any CPU = Release|Any CPU
	EndGlobalSection
	GlobalSection(ProjectConfigurationPlatforms) = postSolution
		{7767E05E-B900-4434-8137-D981B9F07B65}.Debug|Any CPU.ActiveCfg = Debug|Any CPU
		{7767E05E-B900-4434-8137-D981B9F07B65}.Debug|Any CPU.Build.0 = Debug|Any CPU
		{7767E05E-B900-4434-8137-D981B9F07B65}.Release|Any CPU.ActiveCfg = Release|Any CPU
		{7767E05E-B900-4434-8137-D981B9F07B65}.Release|Any CPU.Build.0 = Release|Any CPU
		{33BE9FCA-C0AB-416C-8376-ABAB0CCD8BB5}.Debug|Any CPU.ActiveCfg = Debug|Any CPU
		{33BE9FCA-C0AB-416C-8376-ABAB0CCD8BB5}.Debug|Any CPU.Build.0 = Debug|Any CPU
		{33BE9FCA-C0AB-416C-8376-ABAB0CCD8BB5}.Release|Any CPU.ActiveCfg = Release|Any CPU
		{33BE9FCA-C0AB-416C-8376-ABAB0CCD8BB5}.Release|Any CPU.Build.0 = Release|Any CPU
		{71E9C00F-BED4-4562-AD54-2D1A657045E7}.Debug|Any CPU.ActiveCfg = Debug|Any CPU
		{71E9C00F-BED4-4562-AD54-2D1A657045E7}.Debug|Any CPU.Build.0 = Debug|Any CPU
		{71E9C00F-BED4-4562-AD54-2D1A657045E7}.Release|Any CPU.ActiveCfg = Release|Any CPU
		{71E9C00F-BED4-4562-AD54-2D1A657045E7}.Release|Any CPU.Build.0 = Release|Any CPU
	EndGlobalSection
	GlobalSection(SolutionProperties) = preSolution
		HideSolutionNode = FALSE
	EndGlobalSection
	GlobalSection(ExtensibilityGlobals) = postSolution
		SolutionGuid = {8082FCFD-B083-4058-8416-D0FD0B6F6A79}
	EndGlobalSection
EndGlobal
